
Microsoft Visual Studio Solution File, Format Version 12.00
# Visual Studio Version 16
VisualStudioVersion = 16.0.29306.81
MinimumVisualStudioVersion = 10.0.40219.1
Project("{8BC9CEB8-8B4A-11D0-8D11-00A0C91BC942}") = "code_01", "code_01\code_01.vcxproj", "{A9D9BD91-6E51-44AC-9B62-84FEBBF362A5}"
EndProject
Project("{8BC9CEB8-8B4A-11D0-8D11-00A0C91BC942}") = "code_02", "code_02\code_02.vcxproj", "{BEA0304B-2A4B-4A2D-9A3E-00ED88C88343}"
EndProject
Project("{8BC9CEB8-8B4A-11D0-8D11-00A0C91BC942}") = "code_03", "code_03\code_03.vcxproj", "{307637C0-518D-465C-8760-8385687A16E8}"
EndProject
Project("{8BC9CEB8-8B4A-11D0-8D11-00A0C91BC942}") = "code_04", "code_04\code_04.vcxproj", "{76D5A80C-6702-4321-A025-2CCD45157E43}"
EndProject
Project("{8BC9CEB8-8B4A-11D0-8D11-00A0C91BC942}") = "code_19", "code_19\code_19.vcxproj", "{A8674B36-9864-42C4-8104-0AF9DE877F6A}"
EndProject
Project("{8BC9CEB8-8B4A-11D0-8D11-00A0C91BC942}") = "code_LCP_1", "code_LCP_1\code_LCP_1.vcxproj", "{291C7921-7DA7-46CD-9C4F-454B3856DA0E}"
EndProject
Project("{8BC9CEB8-8B4A-11D0-8D11-00A0C91BC942}") = "code_771", "code_771\code_771.vcxproj", "{89A8014B-FFFC-41E2-9B4D-F50099D5EC3A}"
EndProject
Project("{8BC9CEB8-8B4A-11D0-8D11-00A0C91BC942}") = "code_1108", "code_1108\code_1108.vcxproj", "{14B02EAC-6620-4E0D-BE40-9DC4E16A8D47}"
EndProject
Project("{8BC9CEB8-8B4A-11D0-8D11-00A0C91BC942}") = "code_237", "code_237\code_237.vcxproj", "{3C2E9F7D-AB13-4F2F-A1C9-116859B4788A}"
EndProject
Project("{8BC9CEB8-8B4A-11D0-8D11-00A0C91BC942}") = "code_1221", "code_1221\code_1221.vcxproj", "{D27FDF04-AB00-41EE-86BC-D6E8400EE333}"
EndProject
Project("{8BC9CEB8-8B4A-11D0-8D11-00A0C91BC942}") = "code_1021", "code_1021\code_1021.vcxproj", "{9733C52A-6DE1-46C8-A471-FD2D595B584F}"
EndProject
Project("{8BC9CEB8-8B4A-11D0-8D11-00A0C91BC942}") = "code_938", "code_938\code_938.vcxproj", "{8BB968E6-43B2-4DEB-B989-B3615858BE88}"
EndProject
Project("{8BC9CEB8-8B4A-11D0-8D11-00A0C91BC942}") = "code_709", "code_709\code_709.vcxproj", "{39A47F25-8E3F-46A0-9C23-D5B270F78A3D}"
EndProject
Project("{8BC9CEB8-8B4A-11D0-8D11-00A0C91BC942}") = "code_617", "code_617\code_617.vcxproj", "{76E5A517-8794-4338-A59D-2C11FD05D09D}"
EndProject
Project("{8BC9CEB8-8B4A-11D0-8D11-00A0C91BC942}") = "code_461", "code_461\code_461.vcxproj", "{CA8BC4C1-A7BE-4818-9D17-803017E933E8}"
EndProject
Project("{8BC9CEB8-8B4A-11D0-8D11-00A0C91BC942}") = "code_832", "code_832\code_832.vcxproj", "{63814C85-17DC-4BBB-9D99-7A4456AB56D5}"
EndProject
Project("{8BC9CEB8-8B4A-11D0-8D11-00A0C91BC942}") = "code_804", "code_804\code_804.vcxproj", "{3A94B219-0719-43D5-8FB3-56C1F95AA662}"
EndProject
Project("{8BC9CEB8-8B4A-11D0-8D11-00A0C91BC942}") = "code_226", "code_226\code_226.vcxproj", "{0C673726-24E2-4104-8396-E9106B2B13A0}"
EndProject
Project("{8BC9CEB8-8B4A-11D0-8D11-00A0C91BC942}") = "code_657", "code_657\code_657.vcxproj", "{E0F6D4AC-3FE0-4DB7-99C8-00FC70D5B295}"
EndProject
Project("{8BC9CEB8-8B4A-11D0-8D11-00A0C91BC942}") = "code_1051", "code_1051\code_1051.vcxproj", "{E75A3933-5E6F-4EBF-B97A-5644880C116A}"
EndProject
Project("{8BC9CEB8-8B4A-11D0-8D11-00A0C91BC942}") = "code_104", "code_104\code_104.vcxproj", "{39977D67-2D02-4BA3-9F05-F46E111BC228}"
EndProject
Project("{8BC9CEB8-8B4A-11D0-8D11-00A0C91BC942}") = "code_728", "code_728\code_728.vcxproj", "{58209453-9DDE-4963-947D-D800D8AA6250}"
EndProject
Project("{8BC9CEB8-8B4A-11D0-8D11-00A0C91BC942}") = "code_589", "code_589\code_589.vcxproj", "{4E460034-AA59-4875-96B3-F365D31A9282}"
EndProject
Project("{8BC9CEB8-8B4A-11D0-8D11-00A0C91BC942}") = "code_590", "code_590\code_590.vcxproj", "{935A9B0F-A888-432E-8CD7-10D97A9AACC1}"
EndProject
Project("{8BC9CEB8-8B4A-11D0-8D11-00A0C91BC942}") = "code_977", "code_977\code_977.vcxproj", "{E157B045-A644-4E05-B619-8C15BFFDE717}"
EndProject
Project("{8BC9CEB8-8B4A-11D0-8D11-00A0C91BC942}") = "code_700", "code_700\code_700.vcxproj", "{F2ABCFC5-B102-4BF7-9FF5-89211785B9EA}"
EndProject
Project("{8BC9CEB8-8B4A-11D0-8D11-00A0C91BC942}") = "code_942", "code_942\code_942.vcxproj", "{6A3DD6CA-0D64-4C11-831D-245E63F965A2}"
EndProject
Project("{8BC9CEB8-8B4A-11D0-8D11-00A0C91BC942}") = "code_292", "code_292\code_292.vcxproj", "{DC4F4753-8F80-441F-BDA6-3D2C024FBA97}"
EndProject
Project("{8BC9CEB8-8B4A-11D0-8D11-00A0C91BC942}") = "code_933", "code_933\code_933.vcxproj", "{27DBED69-CE40-41DD-8A1C-1EB08B5FE591}"
EndProject
Project("{8BC9CEB8-8B4A-11D0-8D11-00A0C91BC942}") = "code_1025", "code_1025\code_1025.vcxproj", "{382E16BC-FFD8-4FB0-8B46-6FE4F875E8DE}"
EndProject
Project("{8BC9CEB8-8B4A-11D0-8D11-00A0C91BC942}") = "code_852", "code_852\code_852.vcxproj", "{B2711C32-9455-45A8-9F72-EA293604F4B9}"
EndProject
Project("{8BC9CEB8-8B4A-11D0-8D11-00A0C91BC942}") = "code_557", "code_557\code_557.vcxproj", "{1521ED98-2543-4F09-AA5F-DC303988BEE4}"
EndProject
Project("{8BC9CEB8-8B4A-11D0-8D11-00A0C91BC942}") = "code_561", "code_561\code_561.vcxproj", "{48EFC96E-7072-4BA7-B856-A2476ABB77B3}"
EndProject
Project("{8BC9CEB8-8B4A-11D0-8D11-00A0C91BC942}") = "code_344", "code_344\code_344.vcxproj", "{ACEE0594-4385-4FDE-AE6A-9D85842A9943}"
EndProject
Project("{8BC9CEB8-8B4A-11D0-8D11-00A0C91BC942}") = "code_905", "code_905\code_905.vcxproj", "{BDCF9BA3-826E-4A95-A0DA-2FC18499874C}"
EndProject
Project("{8BC9CEB8-8B4A-11D0-8D11-00A0C91BC942}") = "code_108", "code_108\code_108.vcxproj", "{F34C2017-BB91-4463-8602-F6A15AA5C534}"
EndProject
Project("{8BC9CEB8-8B4A-11D0-8D11-00A0C91BC942}") = "code_476", "code_476\code_476.vcxproj", "{60A4F103-33AE-403C-B7C2-4C7C31B9F080}"
EndProject
Project("{8BC9CEB8-8B4A-11D0-8D11-00A0C91BC942}") = "code_500", "code_500\code_500.vcxproj", "{E13C9134-C5A6-40EF-89FA-2D729CD76274}"
EndProject
Project("{8BC9CEB8-8B4A-11D0-8D11-00A0C91BC942}") = "code_944", "code_944\code_944.vcxproj", "{D57C6242-F401-4822-80FA-7BD9ECD38B91}"
EndProject
Project("{8BC9CEB8-8B4A-11D0-8D11-00A0C91BC942}") = "code_559", "code_559\code_559.vcxproj", "{61640F80-1415-4D59-8960-A802D25D887D}"
EndProject
Project("{8BC9CEB8-8B4A-11D0-8D11-00A0C91BC942}") = "code_349", "code_349\code_349.vcxproj", "{4FA35BC9-C5E7-43DB-B3C2-933CF7C8C5F5}"
EndProject
Project("{8BC9CEB8-8B4A-11D0-8D11-00A0C91BC942}") = "code_908", "code_908\code_908.vcxproj", "{864D818B-D376-4AFF-89FF-C56239A69342}"
EndProject
Project("{8BC9CEB8-8B4A-11D0-8D11-00A0C91BC942}") = "code_1207", "code_1207\code_1207.vcxproj", "{F5CF78EC-25C3-493A-80F4-80BF019DCDB5}"
EndProject
Project("{8BC9CEB8-8B4A-11D0-8D11-00A0C91BC942}") = "code_922", "code_922\code_922.vcxproj", "{DED60170-AEA1-4777-853A-985878ED5221}"
EndProject
Project("{8BC9CEB8-8B4A-11D0-8D11-00A0C91BC942}") = "code_961", "code_961\code_961.vcxproj", "{C4D7DA5E-C1D7-40B7-A642-8540571DD2AF}"
EndProject
Project("{8BC9CEB8-8B4A-11D0-8D11-00A0C91BC942}") = "code_867", "code_867\code_867.vcxproj", "{D9A0E323-F542-4C13-A52F-AC3CC16E7179}"
EndProject
Project("{8BC9CEB8-8B4A-11D0-8D11-00A0C91BC942}") = "code_965", "code_965\code_965.vcxproj", "{8EB08364-CB4B-45CC-909F-0095ADD40872}"
EndProject
Project("{8BC9CEB8-8B4A-11D0-8D11-00A0C91BC942}") = "code_171", "code_171\code_171.vcxproj", "{08C520B4-2548-4007-859A-BD10180D0510}"
EndProject
Project("{8BC9CEB8-8B4A-11D0-8D11-00A0C91BC942}") = "code_1217", "code_1217\code_1217.vcxproj", "{694914EA-3097-4494-9DC8-C345CD906298}"
EndProject
Project("{8BC9CEB8-8B4A-11D0-8D11-00A0C91BC942}") = "code_762", "code_762\code_762.vcxproj", "{9B42C54C-3822-4308-941C-F6B5860EC244}"
EndProject
Project("{8BC9CEB8-8B4A-11D0-8D11-00A0C91BC942}") = "code_821", "code_821\code_821.vcxproj", "{2E779EF3-1087-406D-AA40-DFFFA1DB9924}"
EndProject
Project("{8BC9CEB8-8B4A-11D0-8D11-00A0C91BC942}") = "code_811", "code_811\code_811.vcxproj", "{B3F11BFA-7A3A-4C02-AB34-8285EA725943}"
EndProject
Project("{8BC9CEB8-8B4A-11D0-8D11-00A0C91BC942}") = "code_1002", "code_1002\code_1002.vcxproj", "{74C23D37-A579-4A51-81D7-A0C867F38836}"
EndProject
Project("{8BC9CEB8-8B4A-11D0-8D11-00A0C91BC942}") = "code_509", "509\509.vcxproj", "{47BBAB1D-67B1-4A5E-B6EB-111D3C660ADA}"
EndProject
Project("{8BC9CEB8-8B4A-11D0-8D11-00A0C91BC942}") = "code_999", "code_999\code_999.vcxproj", "{C7D369B0-EE50-4FC9-A9D5-CB0E5AA12292}"
EndProject
Project("{8BC9CEB8-8B4A-11D0-8D11-00A0C91BC942}") = "code_258", "code_258\code_258.vcxproj", "{C5874112-5056-4C06-822B-628233210C62}"
EndProject
Project("{8BC9CEB8-8B4A-11D0-8D11-00A0C91BC942}") = "code_118", "code_118\code_118.vcxproj", "{398804A5-9241-4673-B52F-E4347B96FCB6}"
EndProject
Project("{8BC9CEB8-8B4A-11D0-8D11-00A0C91BC942}") = "code_521", "code_521\code_521.vcxproj", "{2681758B-7997-45B1-B3A9-BC45BBF8964E}"
EndProject
Project("{8BC9CEB8-8B4A-11D0-8D11-00A0C91BC942}") = "code_682", "code_682\code_682.vcxproj", "{D7E1639B-04C1-4E2C-A00E-A65148E0633C}"
EndProject
Project("{8BC9CEB8-8B4A-11D0-8D11-00A0C91BC942}") = "code_136", "code_136\code_136.vcxproj", "{5E8FAE6E-AF71-4E82-BB4A-AF9E619CE8C7}"
EndProject
Project("{8BC9CEB8-8B4A-11D0-8D11-00A0C91BC942}") = "code_1122", "code_1122\code_1122.vcxproj", "{FF1C1463-6150-452F-A550-0A8147FF028A}"
EndProject
Project("{8BC9CEB8-8B4A-11D0-8D11-00A0C91BC942}") = "code_1047", "code_1047\code_1047.vcxproj", "{3CDAC961-BE99-45C6-BB04-0FDDA9BA86E5}"
EndProject
Project("{8BC9CEB8-8B4A-11D0-8D11-00A0C91BC942}") = "code_575", "code_575\code_575.vcxproj", "{539FC6A4-36C9-42F4-A852-258F95EE9187}"
EndProject
Project("{8BC9CEB8-8B4A-11D0-8D11-00A0C91BC942}") = "code_893", "code_893\code_893.vcxproj", "{A80BD08E-08A5-4B3A-B9CF-9B5BEDF5441E}"
EndProject
Project("{8BC9CEB8-8B4A-11D0-8D11-00A0C91BC942}") = "code_463", "code_463\code_463.vcxproj", "{42028F0B-3FA1-443D-9F0B-63ED46D1BA35}"
EndProject
Project("{8BC9CEB8-8B4A-11D0-8D11-00A0C91BC942}") = "code_929", "code_929\code_929.vcxproj", "{D7C0E957-783E-4809-B39B-63C3C65D1ED1}"
EndProject
Project("{8BC9CEB8-8B4A-11D0-8D11-00A0C91BC942}") = "code_107", "code_107\code_107.vcxproj", "{6C1AD927-BDDF-4DAE-BDA2-F15D65466EA6}"
EndProject
Project("{8BC9CEB8-8B4A-11D0-8D11-00A0C91BC942}") = "code_876", "code_876\code_876.vcxproj", "{3F7CA23E-792A-4710-A0F0-605A971F24EC}"
EndProject
Project("{8BC9CEB8-8B4A-11D0-8D11-00A0C91BC942}") = "code_806", "code_806\code_806.vcxproj", "{770BF2E8-5447-4548-8678-901604090A12}"
EndProject
Project("{8BC9CEB8-8B4A-11D0-8D11-00A0C91BC942}") = "code_669", "code_669\code_669.vcxproj", "{E6CB69AC-EAC5-4527-8EAB-B2CD4E6198C8}"
EndProject
Project("{8BC9CEB8-8B4A-11D0-8D11-00A0C91BC942}") = "code_191", "code_191\code_191.vcxproj", "{C9037436-899E-47C9-8DEF-C9B172D3FE86}"
EndProject
Project("{8BC9CEB8-8B4A-11D0-8D11-00A0C91BC942}") = "code_883", "code_883\code_883.vcxproj", "{3E777BB8-AC90-4B9E-94A5-E80F5C2AB574}"
EndProject
Global
	GlobalSection(SolutionConfigurationPlatforms) = preSolution
		Debug|x64 = Debug|x64
		Debug|x86 = Debug|x86
		Release|x64 = Release|x64
		Release|x86 = Release|x86
	EndGlobalSection
	GlobalSection(ProjectConfigurationPlatforms) = postSolution
		{A9D9BD91-6E51-44AC-9B62-84FEBBF362A5}.Debug|x64.ActiveCfg = Debug|x64
		{A9D9BD91-6E51-44AC-9B62-84FEBBF362A5}.Debug|x64.Build.0 = Debug|x64
		{A9D9BD91-6E51-44AC-9B62-84FEBBF362A5}.Debug|x86.ActiveCfg = Debug|Win32
		{A9D9BD91-6E51-44AC-9B62-84FEBBF362A5}.Debug|x86.Build.0 = Debug|Win32
		{A9D9BD91-6E51-44AC-9B62-84FEBBF362A5}.Release|x64.ActiveCfg = Release|x64
		{A9D9BD91-6E51-44AC-9B62-84FEBBF362A5}.Release|x64.Build.0 = Release|x64
		{A9D9BD91-6E51-44AC-9B62-84FEBBF362A5}.Release|x86.ActiveCfg = Release|Win32
		{A9D9BD91-6E51-44AC-9B62-84FEBBF362A5}.Release|x86.Build.0 = Release|Win32
		{BEA0304B-2A4B-4A2D-9A3E-00ED88C88343}.Debug|x64.ActiveCfg = Debug|x64
		{BEA0304B-2A4B-4A2D-9A3E-00ED88C88343}.Debug|x64.Build.0 = Debug|x64
		{BEA0304B-2A4B-4A2D-9A3E-00ED88C88343}.Debug|x86.ActiveCfg = Debug|Win32
		{BEA0304B-2A4B-4A2D-9A3E-00ED88C88343}.Debug|x86.Build.0 = Debug|Win32
		{BEA0304B-2A4B-4A2D-9A3E-00ED88C88343}.Release|x64.ActiveCfg = Release|x64
		{BEA0304B-2A4B-4A2D-9A3E-00ED88C88343}.Release|x64.Build.0 = Release|x64
		{BEA0304B-2A4B-4A2D-9A3E-00ED88C88343}.Release|x86.ActiveCfg = Release|Win32
		{BEA0304B-2A4B-4A2D-9A3E-00ED88C88343}.Release|x86.Build.0 = Release|Win32
		{307637C0-518D-465C-8760-8385687A16E8}.Debug|x64.ActiveCfg = Debug|x64
		{307637C0-518D-465C-8760-8385687A16E8}.Debug|x64.Build.0 = Debug|x64
		{307637C0-518D-465C-8760-8385687A16E8}.Debug|x86.ActiveCfg = Debug|Win32
		{307637C0-518D-465C-8760-8385687A16E8}.Debug|x86.Build.0 = Debug|Win32
		{307637C0-518D-465C-8760-8385687A16E8}.Release|x64.ActiveCfg = Release|x64
		{307637C0-518D-465C-8760-8385687A16E8}.Release|x64.Build.0 = Release|x64
		{307637C0-518D-465C-8760-8385687A16E8}.Release|x86.ActiveCfg = Release|Win32
		{307637C0-518D-465C-8760-8385687A16E8}.Release|x86.Build.0 = Release|Win32
		{76D5A80C-6702-4321-A025-2CCD45157E43}.Debug|x64.ActiveCfg = Debug|x64
		{76D5A80C-6702-4321-A025-2CCD45157E43}.Debug|x64.Build.0 = Debug|x64
		{76D5A80C-6702-4321-A025-2CCD45157E43}.Debug|x86.ActiveCfg = Debug|Win32
		{76D5A80C-6702-4321-A025-2CCD45157E43}.Debug|x86.Build.0 = Debug|Win32
		{76D5A80C-6702-4321-A025-2CCD45157E43}.Release|x64.ActiveCfg = Release|x64
		{76D5A80C-6702-4321-A025-2CCD45157E43}.Release|x64.Build.0 = Release|x64
		{76D5A80C-6702-4321-A025-2CCD45157E43}.Release|x86.ActiveCfg = Release|Win32
		{76D5A80C-6702-4321-A025-2CCD45157E43}.Release|x86.Build.0 = Release|Win32
		{A8674B36-9864-42C4-8104-0AF9DE877F6A}.Debug|x64.ActiveCfg = Debug|x64
		{A8674B36-9864-42C4-8104-0AF9DE877F6A}.Debug|x64.Build.0 = Debug|x64
		{A8674B36-9864-42C4-8104-0AF9DE877F6A}.Debug|x86.ActiveCfg = Debug|Win32
		{A8674B36-9864-42C4-8104-0AF9DE877F6A}.Debug|x86.Build.0 = Debug|Win32
		{A8674B36-9864-42C4-8104-0AF9DE877F6A}.Release|x64.ActiveCfg = Release|x64
		{A8674B36-9864-42C4-8104-0AF9DE877F6A}.Release|x64.Build.0 = Release|x64
		{A8674B36-9864-42C4-8104-0AF9DE877F6A}.Release|x86.ActiveCfg = Release|Win32
		{A8674B36-9864-42C4-8104-0AF9DE877F6A}.Release|x86.Build.0 = Release|Win32
		{291C7921-7DA7-46CD-9C4F-454B3856DA0E}.Debug|x64.ActiveCfg = Debug|x64
		{291C7921-7DA7-46CD-9C4F-454B3856DA0E}.Debug|x64.Build.0 = Debug|x64
		{291C7921-7DA7-46CD-9C4F-454B3856DA0E}.Debug|x86.ActiveCfg = Debug|Win32
		{291C7921-7DA7-46CD-9C4F-454B3856DA0E}.Debug|x86.Build.0 = Debug|Win32
		{291C7921-7DA7-46CD-9C4F-454B3856DA0E}.Release|x64.ActiveCfg = Release|x64
		{291C7921-7DA7-46CD-9C4F-454B3856DA0E}.Release|x64.Build.0 = Release|x64
		{291C7921-7DA7-46CD-9C4F-454B3856DA0E}.Release|x86.ActiveCfg = Release|Win32
		{291C7921-7DA7-46CD-9C4F-454B3856DA0E}.Release|x86.Build.0 = Release|Win32
		{89A8014B-FFFC-41E2-9B4D-F50099D5EC3A}.Debug|x64.ActiveCfg = Debug|x64
		{89A8014B-FFFC-41E2-9B4D-F50099D5EC3A}.Debug|x64.Build.0 = Debug|x64
		{89A8014B-FFFC-41E2-9B4D-F50099D5EC3A}.Debug|x86.ActiveCfg = Debug|Win32
		{89A8014B-FFFC-41E2-9B4D-F50099D5EC3A}.Debug|x86.Build.0 = Debug|Win32
		{89A8014B-FFFC-41E2-9B4D-F50099D5EC3A}.Release|x64.ActiveCfg = Release|x64
		{89A8014B-FFFC-41E2-9B4D-F50099D5EC3A}.Release|x64.Build.0 = Release|x64
		{89A8014B-FFFC-41E2-9B4D-F50099D5EC3A}.Release|x86.ActiveCfg = Release|Win32
		{89A8014B-FFFC-41E2-9B4D-F50099D5EC3A}.Release|x86.Build.0 = Release|Win32
		{14B02EAC-6620-4E0D-BE40-9DC4E16A8D47}.Debug|x64.ActiveCfg = Debug|x64
		{14B02EAC-6620-4E0D-BE40-9DC4E16A8D47}.Debug|x64.Build.0 = Debug|x64
		{14B02EAC-6620-4E0D-BE40-9DC4E16A8D47}.Debug|x86.ActiveCfg = Debug|Win32
		{14B02EAC-6620-4E0D-BE40-9DC4E16A8D47}.Debug|x86.Build.0 = Debug|Win32
		{14B02EAC-6620-4E0D-BE40-9DC4E16A8D47}.Release|x64.ActiveCfg = Release|x64
		{14B02EAC-6620-4E0D-BE40-9DC4E16A8D47}.Release|x64.Build.0 = Release|x64
		{14B02EAC-6620-4E0D-BE40-9DC4E16A8D47}.Release|x86.ActiveCfg = Release|Win32
		{14B02EAC-6620-4E0D-BE40-9DC4E16A8D47}.Release|x86.Build.0 = Release|Win32
		{3C2E9F7D-AB13-4F2F-A1C9-116859B4788A}.Debug|x64.ActiveCfg = Debug|x64
		{3C2E9F7D-AB13-4F2F-A1C9-116859B4788A}.Debug|x64.Build.0 = Debug|x64
		{3C2E9F7D-AB13-4F2F-A1C9-116859B4788A}.Debug|x86.ActiveCfg = Debug|Win32
		{3C2E9F7D-AB13-4F2F-A1C9-116859B4788A}.Debug|x86.Build.0 = Debug|Win32
		{3C2E9F7D-AB13-4F2F-A1C9-116859B4788A}.Release|x64.ActiveCfg = Release|x64
		{3C2E9F7D-AB13-4F2F-A1C9-116859B4788A}.Release|x64.Build.0 = Release|x64
		{3C2E9F7D-AB13-4F2F-A1C9-116859B4788A}.Release|x86.ActiveCfg = Release|Win32
		{3C2E9F7D-AB13-4F2F-A1C9-116859B4788A}.Release|x86.Build.0 = Release|Win32
		{D27FDF04-AB00-41EE-86BC-D6E8400EE333}.Debug|x64.ActiveCfg = Debug|x64
		{D27FDF04-AB00-41EE-86BC-D6E8400EE333}.Debug|x64.Build.0 = Debug|x64
		{D27FDF04-AB00-41EE-86BC-D6E8400EE333}.Debug|x86.ActiveCfg = Debug|Win32
		{D27FDF04-AB00-41EE-86BC-D6E8400EE333}.Debug|x86.Build.0 = Debug|Win32
		{D27FDF04-AB00-41EE-86BC-D6E8400EE333}.Release|x64.ActiveCfg = Release|x64
		{D27FDF04-AB00-41EE-86BC-D6E8400EE333}.Release|x64.Build.0 = Release|x64
		{D27FDF04-AB00-41EE-86BC-D6E8400EE333}.Release|x86.ActiveCfg = Release|Win32
		{D27FDF04-AB00-41EE-86BC-D6E8400EE333}.Release|x86.Build.0 = Release|Win32
		{9733C52A-6DE1-46C8-A471-FD2D595B584F}.Debug|x64.ActiveCfg = Debug|x64
		{9733C52A-6DE1-46C8-A471-FD2D595B584F}.Debug|x64.Build.0 = Debug|x64
		{9733C52A-6DE1-46C8-A471-FD2D595B584F}.Debug|x86.ActiveCfg = Debug|Win32
		{9733C52A-6DE1-46C8-A471-FD2D595B584F}.Debug|x86.Build.0 = Debug|Win32
		{9733C52A-6DE1-46C8-A471-FD2D595B584F}.Release|x64.ActiveCfg = Release|x64
		{9733C52A-6DE1-46C8-A471-FD2D595B584F}.Release|x64.Build.0 = Release|x64
		{9733C52A-6DE1-46C8-A471-FD2D595B584F}.Release|x86.ActiveCfg = Release|Win32
		{9733C52A-6DE1-46C8-A471-FD2D595B584F}.Release|x86.Build.0 = Release|Win32
		{8BB968E6-43B2-4DEB-B989-B3615858BE88}.Debug|x64.ActiveCfg = Debug|x64
		{8BB968E6-43B2-4DEB-B989-B3615858BE88}.Debug|x64.Build.0 = Debug|x64
		{8BB968E6-43B2-4DEB-B989-B3615858BE88}.Debug|x86.ActiveCfg = Debug|Win32
		{8BB968E6-43B2-4DEB-B989-B3615858BE88}.Debug|x86.Build.0 = Debug|Win32
		{8BB968E6-43B2-4DEB-B989-B3615858BE88}.Release|x64.ActiveCfg = Release|x64
		{8BB968E6-43B2-4DEB-B989-B3615858BE88}.Release|x64.Build.0 = Release|x64
		{8BB968E6-43B2-4DEB-B989-B3615858BE88}.Release|x86.ActiveCfg = Release|Win32
		{8BB968E6-43B2-4DEB-B989-B3615858BE88}.Release|x86.Build.0 = Release|Win32
		{39A47F25-8E3F-46A0-9C23-D5B270F78A3D}.Debug|x64.ActiveCfg = Debug|x64
		{39A47F25-8E3F-46A0-9C23-D5B270F78A3D}.Debug|x64.Build.0 = Debug|x64
		{39A47F25-8E3F-46A0-9C23-D5B270F78A3D}.Debug|x86.ActiveCfg = Debug|Win32
		{39A47F25-8E3F-46A0-9C23-D5B270F78A3D}.Debug|x86.Build.0 = Debug|Win32
		{39A47F25-8E3F-46A0-9C23-D5B270F78A3D}.Release|x64.ActiveCfg = Release|x64
		{39A47F25-8E3F-46A0-9C23-D5B270F78A3D}.Release|x64.Build.0 = Release|x64
		{39A47F25-8E3F-46A0-9C23-D5B270F78A3D}.Release|x86.ActiveCfg = Release|Win32
		{39A47F25-8E3F-46A0-9C23-D5B270F78A3D}.Release|x86.Build.0 = Release|Win32
		{76E5A517-8794-4338-A59D-2C11FD05D09D}.Debug|x64.ActiveCfg = Debug|x64
		{76E5A517-8794-4338-A59D-2C11FD05D09D}.Debug|x64.Build.0 = Debug|x64
		{76E5A517-8794-4338-A59D-2C11FD05D09D}.Debug|x86.ActiveCfg = Debug|Win32
		{76E5A517-8794-4338-A59D-2C11FD05D09D}.Debug|x86.Build.0 = Debug|Win32
		{76E5A517-8794-4338-A59D-2C11FD05D09D}.Release|x64.ActiveCfg = Release|x64
		{76E5A517-8794-4338-A59D-2C11FD05D09D}.Release|x64.Build.0 = Release|x64
		{76E5A517-8794-4338-A59D-2C11FD05D09D}.Release|x86.ActiveCfg = Release|Win32
		{76E5A517-8794-4338-A59D-2C11FD05D09D}.Release|x86.Build.0 = Release|Win32
		{CA8BC4C1-A7BE-4818-9D17-803017E933E8}.Debug|x64.ActiveCfg = Debug|x64
		{CA8BC4C1-A7BE-4818-9D17-803017E933E8}.Debug|x64.Build.0 = Debug|x64
		{CA8BC4C1-A7BE-4818-9D17-803017E933E8}.Debug|x86.ActiveCfg = Debug|Win32
		{CA8BC4C1-A7BE-4818-9D17-803017E933E8}.Debug|x86.Build.0 = Debug|Win32
		{CA8BC4C1-A7BE-4818-9D17-803017E933E8}.Release|x64.ActiveCfg = Release|x64
		{CA8BC4C1-A7BE-4818-9D17-803017E933E8}.Release|x64.Build.0 = Release|x64
		{CA8BC4C1-A7BE-4818-9D17-803017E933E8}.Release|x86.ActiveCfg = Release|Win32
		{CA8BC4C1-A7BE-4818-9D17-803017E933E8}.Release|x86.Build.0 = Release|Win32
		{63814C85-17DC-4BBB-9D99-7A4456AB56D5}.Debug|x64.ActiveCfg = Debug|x64
		{63814C85-17DC-4BBB-9D99-7A4456AB56D5}.Debug|x64.Build.0 = Debug|x64
		{63814C85-17DC-4BBB-9D99-7A4456AB56D5}.Debug|x86.ActiveCfg = Debug|Win32
		{63814C85-17DC-4BBB-9D99-7A4456AB56D5}.Debug|x86.Build.0 = Debug|Win32
		{63814C85-17DC-4BBB-9D99-7A4456AB56D5}.Release|x64.ActiveCfg = Release|x64
		{63814C85-17DC-4BBB-9D99-7A4456AB56D5}.Release|x64.Build.0 = Release|x64
		{63814C85-17DC-4BBB-9D99-7A4456AB56D5}.Release|x86.ActiveCfg = Release|Win32
		{63814C85-17DC-4BBB-9D99-7A4456AB56D5}.Release|x86.Build.0 = Release|Win32
		{3A94B219-0719-43D5-8FB3-56C1F95AA662}.Debug|x64.ActiveCfg = Debug|x64
		{3A94B219-0719-43D5-8FB3-56C1F95AA662}.Debug|x64.Build.0 = Debug|x64
		{3A94B219-0719-43D5-8FB3-56C1F95AA662}.Debug|x86.ActiveCfg = Debug|Win32
		{3A94B219-0719-43D5-8FB3-56C1F95AA662}.Debug|x86.Build.0 = Debug|Win32
		{3A94B219-0719-43D5-8FB3-56C1F95AA662}.Release|x64.ActiveCfg = Release|x64
		{3A94B219-0719-43D5-8FB3-56C1F95AA662}.Release|x64.Build.0 = Release|x64
		{3A94B219-0719-43D5-8FB3-56C1F95AA662}.Release|x86.ActiveCfg = Release|Win32
		{3A94B219-0719-43D5-8FB3-56C1F95AA662}.Release|x86.Build.0 = Release|Win32
		{0C673726-24E2-4104-8396-E9106B2B13A0}.Debug|x64.ActiveCfg = Debug|x64
		{0C673726-24E2-4104-8396-E9106B2B13A0}.Debug|x64.Build.0 = Debug|x64
		{0C673726-24E2-4104-8396-E9106B2B13A0}.Debug|x86.ActiveCfg = Debug|Win32
		{0C673726-24E2-4104-8396-E9106B2B13A0}.Debug|x86.Build.0 = Debug|Win32
		{0C673726-24E2-4104-8396-E9106B2B13A0}.Release|x64.ActiveCfg = Release|x64
		{0C673726-24E2-4104-8396-E9106B2B13A0}.Release|x64.Build.0 = Release|x64
		{0C673726-24E2-4104-8396-E9106B2B13A0}.Release|x86.ActiveCfg = Release|Win32
		{0C673726-24E2-4104-8396-E9106B2B13A0}.Release|x86.Build.0 = Release|Win32
		{E0F6D4AC-3FE0-4DB7-99C8-00FC70D5B295}.Debug|x64.ActiveCfg = Debug|x64
		{E0F6D4AC-3FE0-4DB7-99C8-00FC70D5B295}.Debug|x64.Build.0 = Debug|x64
		{E0F6D4AC-3FE0-4DB7-99C8-00FC70D5B295}.Debug|x86.ActiveCfg = Debug|Win32
		{E0F6D4AC-3FE0-4DB7-99C8-00FC70D5B295}.Debug|x86.Build.0 = Debug|Win32
		{E0F6D4AC-3FE0-4DB7-99C8-00FC70D5B295}.Release|x64.ActiveCfg = Release|x64
		{E0F6D4AC-3FE0-4DB7-99C8-00FC70D5B295}.Release|x64.Build.0 = Release|x64
		{E0F6D4AC-3FE0-4DB7-99C8-00FC70D5B295}.Release|x86.ActiveCfg = Release|Win32
		{E0F6D4AC-3FE0-4DB7-99C8-00FC70D5B295}.Release|x86.Build.0 = Release|Win32
		{E75A3933-5E6F-4EBF-B97A-5644880C116A}.Debug|x64.ActiveCfg = Debug|x64
		{E75A3933-5E6F-4EBF-B97A-5644880C116A}.Debug|x64.Build.0 = Debug|x64
		{E75A3933-5E6F-4EBF-B97A-5644880C116A}.Debug|x86.ActiveCfg = Debug|Win32
		{E75A3933-5E6F-4EBF-B97A-5644880C116A}.Debug|x86.Build.0 = Debug|Win32
		{E75A3933-5E6F-4EBF-B97A-5644880C116A}.Release|x64.ActiveCfg = Release|x64
		{E75A3933-5E6F-4EBF-B97A-5644880C116A}.Release|x64.Build.0 = Release|x64
		{E75A3933-5E6F-4EBF-B97A-5644880C116A}.Release|x86.ActiveCfg = Release|Win32
		{E75A3933-5E6F-4EBF-B97A-5644880C116A}.Release|x86.Build.0 = Release|Win32
		{39977D67-2D02-4BA3-9F05-F46E111BC228}.Debug|x64.ActiveCfg = Debug|x64
		{39977D67-2D02-4BA3-9F05-F46E111BC228}.Debug|x64.Build.0 = Debug|x64
		{39977D67-2D02-4BA3-9F05-F46E111BC228}.Debug|x86.ActiveCfg = Debug|Win32
		{39977D67-2D02-4BA3-9F05-F46E111BC228}.Debug|x86.Build.0 = Debug|Win32
		{39977D67-2D02-4BA3-9F05-F46E111BC228}.Release|x64.ActiveCfg = Release|x64
		{39977D67-2D02-4BA3-9F05-F46E111BC228}.Release|x64.Build.0 = Release|x64
		{39977D67-2D02-4BA3-9F05-F46E111BC228}.Release|x86.ActiveCfg = Release|Win32
		{39977D67-2D02-4BA3-9F05-F46E111BC228}.Release|x86.Build.0 = Release|Win32
		{58209453-9DDE-4963-947D-D800D8AA6250}.Debug|x64.ActiveCfg = Debug|x64
		{58209453-9DDE-4963-947D-D800D8AA6250}.Debug|x64.Build.0 = Debug|x64
		{58209453-9DDE-4963-947D-D800D8AA6250}.Debug|x86.ActiveCfg = Debug|Win32
		{58209453-9DDE-4963-947D-D800D8AA6250}.Debug|x86.Build.0 = Debug|Win32
		{58209453-9DDE-4963-947D-D800D8AA6250}.Release|x64.ActiveCfg = Release|x64
		{58209453-9DDE-4963-947D-D800D8AA6250}.Release|x64.Build.0 = Release|x64
		{58209453-9DDE-4963-947D-D800D8AA6250}.Release|x86.ActiveCfg = Release|Win32
		{58209453-9DDE-4963-947D-D800D8AA6250}.Release|x86.Build.0 = Release|Win32
		{4E460034-AA59-4875-96B3-F365D31A9282}.Debug|x64.ActiveCfg = Debug|x64
		{4E460034-AA59-4875-96B3-F365D31A9282}.Debug|x64.Build.0 = Debug|x64
		{4E460034-AA59-4875-96B3-F365D31A9282}.Debug|x86.ActiveCfg = Debug|Win32
		{4E460034-AA59-4875-96B3-F365D31A9282}.Debug|x86.Build.0 = Debug|Win32
		{4E460034-AA59-4875-96B3-F365D31A9282}.Release|x64.ActiveCfg = Release|x64
		{4E460034-AA59-4875-96B3-F365D31A9282}.Release|x64.Build.0 = Release|x64
		{4E460034-AA59-4875-96B3-F365D31A9282}.Release|x86.ActiveCfg = Release|Win32
		{4E460034-AA59-4875-96B3-F365D31A9282}.Release|x86.Build.0 = Release|Win32
		{935A9B0F-A888-432E-8CD7-10D97A9AACC1}.Debug|x64.ActiveCfg = Debug|x64
		{935A9B0F-A888-432E-8CD7-10D97A9AACC1}.Debug|x64.Build.0 = Debug|x64
		{935A9B0F-A888-432E-8CD7-10D97A9AACC1}.Debug|x86.ActiveCfg = Debug|Win32
		{935A9B0F-A888-432E-8CD7-10D97A9AACC1}.Debug|x86.Build.0 = Debug|Win32
		{935A9B0F-A888-432E-8CD7-10D97A9AACC1}.Release|x64.ActiveCfg = Release|x64
		{935A9B0F-A888-432E-8CD7-10D97A9AACC1}.Release|x64.Build.0 = Release|x64
		{935A9B0F-A888-432E-8CD7-10D97A9AACC1}.Release|x86.ActiveCfg = Release|Win32
		{935A9B0F-A888-432E-8CD7-10D97A9AACC1}.Release|x86.Build.0 = Release|Win32
		{E157B045-A644-4E05-B619-8C15BFFDE717}.Debug|x64.ActiveCfg = Debug|x64
		{E157B045-A644-4E05-B619-8C15BFFDE717}.Debug|x64.Build.0 = Debug|x64
		{E157B045-A644-4E05-B619-8C15BFFDE717}.Debug|x86.ActiveCfg = Debug|Win32
		{E157B045-A644-4E05-B619-8C15BFFDE717}.Debug|x86.Build.0 = Debug|Win32
		{E157B045-A644-4E05-B619-8C15BFFDE717}.Release|x64.ActiveCfg = Release|x64
		{E157B045-A644-4E05-B619-8C15BFFDE717}.Release|x64.Build.0 = Release|x64
		{E157B045-A644-4E05-B619-8C15BFFDE717}.Release|x86.ActiveCfg = Release|Win32
		{E157B045-A644-4E05-B619-8C15BFFDE717}.Release|x86.Build.0 = Release|Win32
		{F2ABCFC5-B102-4BF7-9FF5-89211785B9EA}.Debug|x64.ActiveCfg = Debug|x64
		{F2ABCFC5-B102-4BF7-9FF5-89211785B9EA}.Debug|x64.Build.0 = Debug|x64
		{F2ABCFC5-B102-4BF7-9FF5-89211785B9EA}.Debug|x86.ActiveCfg = Debug|Win32
		{F2ABCFC5-B102-4BF7-9FF5-89211785B9EA}.Debug|x86.Build.0 = Debug|Win32
		{F2ABCFC5-B102-4BF7-9FF5-89211785B9EA}.Release|x64.ActiveCfg = Release|x64
		{F2ABCFC5-B102-4BF7-9FF5-89211785B9EA}.Release|x64.Build.0 = Release|x64
		{F2ABCFC5-B102-4BF7-9FF5-89211785B9EA}.Release|x86.ActiveCfg = Release|Win32
		{F2ABCFC5-B102-4BF7-9FF5-89211785B9EA}.Release|x86.Build.0 = Release|Win32
		{6A3DD6CA-0D64-4C11-831D-245E63F965A2}.Debug|x64.ActiveCfg = Debug|x64
		{6A3DD6CA-0D64-4C11-831D-245E63F965A2}.Debug|x64.Build.0 = Debug|x64
		{6A3DD6CA-0D64-4C11-831D-245E63F965A2}.Debug|x86.ActiveCfg = Debug|Win32
		{6A3DD6CA-0D64-4C11-831D-245E63F965A2}.Debug|x86.Build.0 = Debug|Win32
		{6A3DD6CA-0D64-4C11-831D-245E63F965A2}.Release|x64.ActiveCfg = Release|x64
		{6A3DD6CA-0D64-4C11-831D-245E63F965A2}.Release|x64.Build.0 = Release|x64
		{6A3DD6CA-0D64-4C11-831D-245E63F965A2}.Release|x86.ActiveCfg = Release|Win32
		{6A3DD6CA-0D64-4C11-831D-245E63F965A2}.Release|x86.Build.0 = Release|Win32
		{DC4F4753-8F80-441F-BDA6-3D2C024FBA97}.Debug|x64.ActiveCfg = Debug|x64
		{DC4F4753-8F80-441F-BDA6-3D2C024FBA97}.Debug|x64.Build.0 = Debug|x64
		{DC4F4753-8F80-441F-BDA6-3D2C024FBA97}.Debug|x86.ActiveCfg = Debug|Win32
		{DC4F4753-8F80-441F-BDA6-3D2C024FBA97}.Debug|x86.Build.0 = Debug|Win32
		{DC4F4753-8F80-441F-BDA6-3D2C024FBA97}.Release|x64.ActiveCfg = Release|x64
		{DC4F4753-8F80-441F-BDA6-3D2C024FBA97}.Release|x64.Build.0 = Release|x64
		{DC4F4753-8F80-441F-BDA6-3D2C024FBA97}.Release|x86.ActiveCfg = Release|Win32
		{DC4F4753-8F80-441F-BDA6-3D2C024FBA97}.Release|x86.Build.0 = Release|Win32
		{27DBED69-CE40-41DD-8A1C-1EB08B5FE591}.Debug|x64.ActiveCfg = Debug|x64
		{27DBED69-CE40-41DD-8A1C-1EB08B5FE591}.Debug|x64.Build.0 = Debug|x64
		{27DBED69-CE40-41DD-8A1C-1EB08B5FE591}.Debug|x86.ActiveCfg = Debug|Win32
		{27DBED69-CE40-41DD-8A1C-1EB08B5FE591}.Debug|x86.Build.0 = Debug|Win32
		{27DBED69-CE40-41DD-8A1C-1EB08B5FE591}.Release|x64.ActiveCfg = Release|x64
		{27DBED69-CE40-41DD-8A1C-1EB08B5FE591}.Release|x64.Build.0 = Release|x64
		{27DBED69-CE40-41DD-8A1C-1EB08B5FE591}.Release|x86.ActiveCfg = Release|Win32
		{27DBED69-CE40-41DD-8A1C-1EB08B5FE591}.Release|x86.Build.0 = Release|Win32
		{382E16BC-FFD8-4FB0-8B46-6FE4F875E8DE}.Debug|x64.ActiveCfg = Debug|x64
		{382E16BC-FFD8-4FB0-8B46-6FE4F875E8DE}.Debug|x64.Build.0 = Debug|x64
		{382E16BC-FFD8-4FB0-8B46-6FE4F875E8DE}.Debug|x86.ActiveCfg = Debug|Win32
		{382E16BC-FFD8-4FB0-8B46-6FE4F875E8DE}.Debug|x86.Build.0 = Debug|Win32
		{382E16BC-FFD8-4FB0-8B46-6FE4F875E8DE}.Release|x64.ActiveCfg = Release|x64
		{382E16BC-FFD8-4FB0-8B46-6FE4F875E8DE}.Release|x64.Build.0 = Release|x64
		{382E16BC-FFD8-4FB0-8B46-6FE4F875E8DE}.Release|x86.ActiveCfg = Release|Win32
		{382E16BC-FFD8-4FB0-8B46-6FE4F875E8DE}.Release|x86.Build.0 = Release|Win32
		{B2711C32-9455-45A8-9F72-EA293604F4B9}.Debug|x64.ActiveCfg = Debug|x64
		{B2711C32-9455-45A8-9F72-EA293604F4B9}.Debug|x64.Build.0 = Debug|x64
		{B2711C32-9455-45A8-9F72-EA293604F4B9}.Debug|x86.ActiveCfg = Debug|Win32
		{B2711C32-9455-45A8-9F72-EA293604F4B9}.Debug|x86.Build.0 = Debug|Win32
		{B2711C32-9455-45A8-9F72-EA293604F4B9}.Release|x64.ActiveCfg = Release|x64
		{B2711C32-9455-45A8-9F72-EA293604F4B9}.Release|x64.Build.0 = Release|x64
		{B2711C32-9455-45A8-9F72-EA293604F4B9}.Release|x86.ActiveCfg = Release|Win32
		{B2711C32-9455-45A8-9F72-EA293604F4B9}.Release|x86.Build.0 = Release|Win32
		{1521ED98-2543-4F09-AA5F-DC303988BEE4}.Debug|x64.ActiveCfg = Debug|x64
		{1521ED98-2543-4F09-AA5F-DC303988BEE4}.Debug|x64.Build.0 = Debug|x64
		{1521ED98-2543-4F09-AA5F-DC303988BEE4}.Debug|x86.ActiveCfg = Debug|Win32
		{1521ED98-2543-4F09-AA5F-DC303988BEE4}.Debug|x86.Build.0 = Debug|Win32
		{1521ED98-2543-4F09-AA5F-DC303988BEE4}.Release|x64.ActiveCfg = Release|x64
		{1521ED98-2543-4F09-AA5F-DC303988BEE4}.Release|x64.Build.0 = Release|x64
		{1521ED98-2543-4F09-AA5F-DC303988BEE4}.Release|x86.ActiveCfg = Release|Win32
		{1521ED98-2543-4F09-AA5F-DC303988BEE4}.Release|x86.Build.0 = Release|Win32
		{48EFC96E-7072-4BA7-B856-A2476ABB77B3}.Debug|x64.ActiveCfg = Debug|x64
		{48EFC96E-7072-4BA7-B856-A2476ABB77B3}.Debug|x64.Build.0 = Debug|x64
		{48EFC96E-7072-4BA7-B856-A2476ABB77B3}.Debug|x86.ActiveCfg = Debug|Win32
		{48EFC96E-7072-4BA7-B856-A2476ABB77B3}.Debug|x86.Build.0 = Debug|Win32
		{48EFC96E-7072-4BA7-B856-A2476ABB77B3}.Release|x64.ActiveCfg = Release|x64
		{48EFC96E-7072-4BA7-B856-A2476ABB77B3}.Release|x64.Build.0 = Release|x64
		{48EFC96E-7072-4BA7-B856-A2476ABB77B3}.Release|x86.ActiveCfg = Release|Win32
		{48EFC96E-7072-4BA7-B856-A2476ABB77B3}.Release|x86.Build.0 = Release|Win32
		{ACEE0594-4385-4FDE-AE6A-9D85842A9943}.Debug|x64.ActiveCfg = Debug|x64
		{ACEE0594-4385-4FDE-AE6A-9D85842A9943}.Debug|x64.Build.0 = Debug|x64
		{ACEE0594-4385-4FDE-AE6A-9D85842A9943}.Debug|x86.ActiveCfg = Debug|Win32
		{ACEE0594-4385-4FDE-AE6A-9D85842A9943}.Debug|x86.Build.0 = Debug|Win32
		{ACEE0594-4385-4FDE-AE6A-9D85842A9943}.Release|x64.ActiveCfg = Release|x64
		{ACEE0594-4385-4FDE-AE6A-9D85842A9943}.Release|x64.Build.0 = Release|x64
		{ACEE0594-4385-4FDE-AE6A-9D85842A9943}.Release|x86.ActiveCfg = Release|Win32
		{ACEE0594-4385-4FDE-AE6A-9D85842A9943}.Release|x86.Build.0 = Release|Win32
		{BDCF9BA3-826E-4A95-A0DA-2FC18499874C}.Debug|x64.ActiveCfg = Debug|x64
		{BDCF9BA3-826E-4A95-A0DA-2FC18499874C}.Debug|x64.Build.0 = Debug|x64
		{BDCF9BA3-826E-4A95-A0DA-2FC18499874C}.Debug|x86.ActiveCfg = Debug|Win32
		{BDCF9BA3-826E-4A95-A0DA-2FC18499874C}.Debug|x86.Build.0 = Debug|Win32
		{BDCF9BA3-826E-4A95-A0DA-2FC18499874C}.Release|x64.ActiveCfg = Release|x64
		{BDCF9BA3-826E-4A95-A0DA-2FC18499874C}.Release|x64.Build.0 = Release|x64
		{BDCF9BA3-826E-4A95-A0DA-2FC18499874C}.Release|x86.ActiveCfg = Release|Win32
		{BDCF9BA3-826E-4A95-A0DA-2FC18499874C}.Release|x86.Build.0 = Release|Win32
		{F34C2017-BB91-4463-8602-F6A15AA5C534}.Debug|x64.ActiveCfg = Debug|x64
		{F34C2017-BB91-4463-8602-F6A15AA5C534}.Debug|x64.Build.0 = Debug|x64
		{F34C2017-BB91-4463-8602-F6A15AA5C534}.Debug|x86.ActiveCfg = Debug|Win32
		{F34C2017-BB91-4463-8602-F6A15AA5C534}.Debug|x86.Build.0 = Debug|Win32
		{F34C2017-BB91-4463-8602-F6A15AA5C534}.Release|x64.ActiveCfg = Release|x64
		{F34C2017-BB91-4463-8602-F6A15AA5C534}.Release|x64.Build.0 = Release|x64
		{F34C2017-BB91-4463-8602-F6A15AA5C534}.Release|x86.ActiveCfg = Release|Win32
		{F34C2017-BB91-4463-8602-F6A15AA5C534}.Release|x86.Build.0 = Release|Win32
		{60A4F103-33AE-403C-B7C2-4C7C31B9F080}.Debug|x64.ActiveCfg = Debug|x64
		{60A4F103-33AE-403C-B7C2-4C7C31B9F080}.Debug|x64.Build.0 = Debug|x64
		{60A4F103-33AE-403C-B7C2-4C7C31B9F080}.Debug|x86.ActiveCfg = Debug|Win32
		{60A4F103-33AE-403C-B7C2-4C7C31B9F080}.Debug|x86.Build.0 = Debug|Win32
		{60A4F103-33AE-403C-B7C2-4C7C31B9F080}.Release|x64.ActiveCfg = Release|x64
		{60A4F103-33AE-403C-B7C2-4C7C31B9F080}.Release|x64.Build.0 = Release|x64
		{60A4F103-33AE-403C-B7C2-4C7C31B9F080}.Release|x86.ActiveCfg = Release|Win32
		{60A4F103-33AE-403C-B7C2-4C7C31B9F080}.Release|x86.Build.0 = Release|Win32
		{E13C9134-C5A6-40EF-89FA-2D729CD76274}.Debug|x64.ActiveCfg = Debug|x64
		{E13C9134-C5A6-40EF-89FA-2D729CD76274}.Debug|x64.Build.0 = Debug|x64
		{E13C9134-C5A6-40EF-89FA-2D729CD76274}.Debug|x86.ActiveCfg = Debug|Win32
		{E13C9134-C5A6-40EF-89FA-2D729CD76274}.Debug|x86.Build.0 = Debug|Win32
		{E13C9134-C5A6-40EF-89FA-2D729CD76274}.Release|x64.ActiveCfg = Release|x64
		{E13C9134-C5A6-40EF-89FA-2D729CD76274}.Release|x64.Build.0 = Release|x64
		{E13C9134-C5A6-40EF-89FA-2D729CD76274}.Release|x86.ActiveCfg = Release|Win32
		{E13C9134-C5A6-40EF-89FA-2D729CD76274}.Release|x86.Build.0 = Release|Win32
		{D57C6242-F401-4822-80FA-7BD9ECD38B91}.Debug|x64.ActiveCfg = Debug|x64
		{D57C6242-F401-4822-80FA-7BD9ECD38B91}.Debug|x64.Build.0 = Debug|x64
		{D57C6242-F401-4822-80FA-7BD9ECD38B91}.Debug|x86.ActiveCfg = Debug|Win32
		{D57C6242-F401-4822-80FA-7BD9ECD38B91}.Debug|x86.Build.0 = Debug|Win32
		{D57C6242-F401-4822-80FA-7BD9ECD38B91}.Release|x64.ActiveCfg = Release|x64
		{D57C6242-F401-4822-80FA-7BD9ECD38B91}.Release|x64.Build.0 = Release|x64
		{D57C6242-F401-4822-80FA-7BD9ECD38B91}.Release|x86.ActiveCfg = Release|Win32
		{D57C6242-F401-4822-80FA-7BD9ECD38B91}.Release|x86.Build.0 = Release|Win32
		{61640F80-1415-4D59-8960-A802D25D887D}.Debug|x64.ActiveCfg = Debug|x64
		{61640F80-1415-4D59-8960-A802D25D887D}.Debug|x64.Build.0 = Debug|x64
		{61640F80-1415-4D59-8960-A802D25D887D}.Debug|x86.ActiveCfg = Debug|Win32
		{61640F80-1415-4D59-8960-A802D25D887D}.Debug|x86.Build.0 = Debug|Win32
		{61640F80-1415-4D59-8960-A802D25D887D}.Release|x64.ActiveCfg = Release|x64
		{61640F80-1415-4D59-8960-A802D25D887D}.Release|x64.Build.0 = Release|x64
		{61640F80-1415-4D59-8960-A802D25D887D}.Release|x86.ActiveCfg = Release|Win32
		{61640F80-1415-4D59-8960-A802D25D887D}.Release|x86.Build.0 = Release|Win32
		{4FA35BC9-C5E7-43DB-B3C2-933CF7C8C5F5}.Debug|x64.ActiveCfg = Debug|x64
		{4FA35BC9-C5E7-43DB-B3C2-933CF7C8C5F5}.Debug|x64.Build.0 = Debug|x64
		{4FA35BC9-C5E7-43DB-B3C2-933CF7C8C5F5}.Debug|x86.ActiveCfg = Debug|Win32
		{4FA35BC9-C5E7-43DB-B3C2-933CF7C8C5F5}.Debug|x86.Build.0 = Debug|Win32
		{4FA35BC9-C5E7-43DB-B3C2-933CF7C8C5F5}.Release|x64.ActiveCfg = Release|x64
		{4FA35BC9-C5E7-43DB-B3C2-933CF7C8C5F5}.Release|x64.Build.0 = Release|x64
		{4FA35BC9-C5E7-43DB-B3C2-933CF7C8C5F5}.Release|x86.ActiveCfg = Release|Win32
		{4FA35BC9-C5E7-43DB-B3C2-933CF7C8C5F5}.Release|x86.Build.0 = Release|Win32
		{864D818B-D376-4AFF-89FF-C56239A69342}.Debug|x64.ActiveCfg = Debug|x64
		{864D818B-D376-4AFF-89FF-C56239A69342}.Debug|x64.Build.0 = Debug|x64
		{864D818B-D376-4AFF-89FF-C56239A69342}.Debug|x86.ActiveCfg = Debug|Win32
		{864D818B-D376-4AFF-89FF-C56239A69342}.Debug|x86.Build.0 = Debug|Win32
		{864D818B-D376-4AFF-89FF-C56239A69342}.Release|x64.ActiveCfg = Release|x64
		{864D818B-D376-4AFF-89FF-C56239A69342}.Release|x64.Build.0 = Release|x64
		{864D818B-D376-4AFF-89FF-C56239A69342}.Release|x86.ActiveCfg = Release|Win32
		{864D818B-D376-4AFF-89FF-C56239A69342}.Release|x86.Build.0 = Release|Win32
		{F5CF78EC-25C3-493A-80F4-80BF019DCDB5}.Debug|x64.ActiveCfg = Debug|x64
		{F5CF78EC-25C3-493A-80F4-80BF019DCDB5}.Debug|x64.Build.0 = Debug|x64
		{F5CF78EC-25C3-493A-80F4-80BF019DCDB5}.Debug|x86.ActiveCfg = Debug|Win32
		{F5CF78EC-25C3-493A-80F4-80BF019DCDB5}.Debug|x86.Build.0 = Debug|Win32
		{F5CF78EC-25C3-493A-80F4-80BF019DCDB5}.Release|x64.ActiveCfg = Release|x64
		{F5CF78EC-25C3-493A-80F4-80BF019DCDB5}.Release|x64.Build.0 = Release|x64
		{F5CF78EC-25C3-493A-80F4-80BF019DCDB5}.Release|x86.ActiveCfg = Release|Win32
		{F5CF78EC-25C3-493A-80F4-80BF019DCDB5}.Release|x86.Build.0 = Release|Win32
		{DED60170-AEA1-4777-853A-985878ED5221}.Debug|x64.ActiveCfg = Debug|x64
		{DED60170-AEA1-4777-853A-985878ED5221}.Debug|x64.Build.0 = Debug|x64
		{DED60170-AEA1-4777-853A-985878ED5221}.Debug|x86.ActiveCfg = Debug|Win32
		{DED60170-AEA1-4777-853A-985878ED5221}.Debug|x86.Build.0 = Debug|Win32
		{DED60170-AEA1-4777-853A-985878ED5221}.Release|x64.ActiveCfg = Release|x64
		{DED60170-AEA1-4777-853A-985878ED5221}.Release|x64.Build.0 = Release|x64
		{DED60170-AEA1-4777-853A-985878ED5221}.Release|x86.ActiveCfg = Release|Win32
		{DED60170-AEA1-4777-853A-985878ED5221}.Release|x86.Build.0 = Release|Win32
		{C4D7DA5E-C1D7-40B7-A642-8540571DD2AF}.Debug|x64.ActiveCfg = Debug|x64
		{C4D7DA5E-C1D7-40B7-A642-8540571DD2AF}.Debug|x64.Build.0 = Debug|x64
		{C4D7DA5E-C1D7-40B7-A642-8540571DD2AF}.Debug|x86.ActiveCfg = Debug|Win32
		{C4D7DA5E-C1D7-40B7-A642-8540571DD2AF}.Debug|x86.Build.0 = Debug|Win32
		{C4D7DA5E-C1D7-40B7-A642-8540571DD2AF}.Release|x64.ActiveCfg = Release|x64
		{C4D7DA5E-C1D7-40B7-A642-8540571DD2AF}.Release|x64.Build.0 = Release|x64
		{C4D7DA5E-C1D7-40B7-A642-8540571DD2AF}.Release|x86.ActiveCfg = Release|Win32
		{C4D7DA5E-C1D7-40B7-A642-8540571DD2AF}.Release|x86.Build.0 = Release|Win32
		{D9A0E323-F542-4C13-A52F-AC3CC16E7179}.Debug|x64.ActiveCfg = Debug|x64
		{D9A0E323-F542-4C13-A52F-AC3CC16E7179}.Debug|x64.Build.0 = Debug|x64
		{D9A0E323-F542-4C13-A52F-AC3CC16E7179}.Debug|x86.ActiveCfg = Debug|Win32
		{D9A0E323-F542-4C13-A52F-AC3CC16E7179}.Debug|x86.Build.0 = Debug|Win32
		{D9A0E323-F542-4C13-A52F-AC3CC16E7179}.Release|x64.ActiveCfg = Release|x64
		{D9A0E323-F542-4C13-A52F-AC3CC16E7179}.Release|x64.Build.0 = Release|x64
		{D9A0E323-F542-4C13-A52F-AC3CC16E7179}.Release|x86.ActiveCfg = Release|Win32
		{D9A0E323-F542-4C13-A52F-AC3CC16E7179}.Release|x86.Build.0 = Release|Win32
		{8EB08364-CB4B-45CC-909F-0095ADD40872}.Debug|x64.ActiveCfg = Debug|x64
		{8EB08364-CB4B-45CC-909F-0095ADD40872}.Debug|x64.Build.0 = Debug|x64
		{8EB08364-CB4B-45CC-909F-0095ADD40872}.Debug|x86.ActiveCfg = Debug|Win32
		{8EB08364-CB4B-45CC-909F-0095ADD40872}.Debug|x86.Build.0 = Debug|Win32
		{8EB08364-CB4B-45CC-909F-0095ADD40872}.Release|x64.ActiveCfg = Release|x64
		{8EB08364-CB4B-45CC-909F-0095ADD40872}.Release|x64.Build.0 = Release|x64
		{8EB08364-CB4B-45CC-909F-0095ADD40872}.Release|x86.ActiveCfg = Release|Win32
		{8EB08364-CB4B-45CC-909F-0095ADD40872}.Release|x86.Build.0 = Release|Win32
		{08C520B4-2548-4007-859A-BD10180D0510}.Debug|x64.ActiveCfg = Debug|x64
		{08C520B4-2548-4007-859A-BD10180D0510}.Debug|x64.Build.0 = Debug|x64
		{08C520B4-2548-4007-859A-BD10180D0510}.Debug|x86.ActiveCfg = Debug|Win32
		{08C520B4-2548-4007-859A-BD10180D0510}.Debug|x86.Build.0 = Debug|Win32
		{08C520B4-2548-4007-859A-BD10180D0510}.Release|x64.ActiveCfg = Release|x64
		{08C520B4-2548-4007-859A-BD10180D0510}.Release|x64.Build.0 = Release|x64
		{08C520B4-2548-4007-859A-BD10180D0510}.Release|x86.ActiveCfg = Release|Win32
		{08C520B4-2548-4007-859A-BD10180D0510}.Release|x86.Build.0 = Release|Win32
		{694914EA-3097-4494-9DC8-C345CD906298}.Debug|x64.ActiveCfg = Debug|x64
		{694914EA-3097-4494-9DC8-C345CD906298}.Debug|x64.Build.0 = Debug|x64
		{694914EA-3097-4494-9DC8-C345CD906298}.Debug|x86.ActiveCfg = Debug|Win32
		{694914EA-3097-4494-9DC8-C345CD906298}.Debug|x86.Build.0 = Debug|Win32
		{694914EA-3097-4494-9DC8-C345CD906298}.Release|x64.ActiveCfg = Release|x64
		{694914EA-3097-4494-9DC8-C345CD906298}.Release|x64.Build.0 = Release|x64
		{694914EA-3097-4494-9DC8-C345CD906298}.Release|x86.ActiveCfg = Release|Win32
		{694914EA-3097-4494-9DC8-C345CD906298}.Release|x86.Build.0 = Release|Win32
		{9B42C54C-3822-4308-941C-F6B5860EC244}.Debug|x64.ActiveCfg = Debug|x64
		{9B42C54C-3822-4308-941C-F6B5860EC244}.Debug|x64.Build.0 = Debug|x64
		{9B42C54C-3822-4308-941C-F6B5860EC244}.Debug|x86.ActiveCfg = Debug|Win32
		{9B42C54C-3822-4308-941C-F6B5860EC244}.Debug|x86.Build.0 = Debug|Win32
		{9B42C54C-3822-4308-941C-F6B5860EC244}.Release|x64.ActiveCfg = Release|x64
		{9B42C54C-3822-4308-941C-F6B5860EC244}.Release|x64.Build.0 = Release|x64
		{9B42C54C-3822-4308-941C-F6B5860EC244}.Release|x86.ActiveCfg = Release|Win32
		{9B42C54C-3822-4308-941C-F6B5860EC244}.Release|x86.Build.0 = Release|Win32
		{2E779EF3-1087-406D-AA40-DFFFA1DB9924}.Debug|x64.ActiveCfg = Debug|x64
		{2E779EF3-1087-406D-AA40-DFFFA1DB9924}.Debug|x64.Build.0 = Debug|x64
		{2E779EF3-1087-406D-AA40-DFFFA1DB9924}.Debug|x86.ActiveCfg = Debug|Win32
		{2E779EF3-1087-406D-AA40-DFFFA1DB9924}.Debug|x86.Build.0 = Debug|Win32
		{2E779EF3-1087-406D-AA40-DFFFA1DB9924}.Release|x64.ActiveCfg = Release|x64
		{2E779EF3-1087-406D-AA40-DFFFA1DB9924}.Release|x64.Build.0 = Release|x64
		{2E779EF3-1087-406D-AA40-DFFFA1DB9924}.Release|x86.ActiveCfg = Release|Win32
		{2E779EF3-1087-406D-AA40-DFFFA1DB9924}.Release|x86.Build.0 = Release|Win32
		{B3F11BFA-7A3A-4C02-AB34-8285EA725943}.Debug|x64.ActiveCfg = Debug|x64
		{B3F11BFA-7A3A-4C02-AB34-8285EA725943}.Debug|x64.Build.0 = Debug|x64
		{B3F11BFA-7A3A-4C02-AB34-8285EA725943}.Debug|x86.ActiveCfg = Debug|Win32
		{B3F11BFA-7A3A-4C02-AB34-8285EA725943}.Debug|x86.Build.0 = Debug|Win32
		{B3F11BFA-7A3A-4C02-AB34-8285EA725943}.Release|x64.ActiveCfg = Release|x64
		{B3F11BFA-7A3A-4C02-AB34-8285EA725943}.Release|x64.Build.0 = Release|x64
		{B3F11BFA-7A3A-4C02-AB34-8285EA725943}.Release|x86.ActiveCfg = Release|Win32
		{B3F11BFA-7A3A-4C02-AB34-8285EA725943}.Release|x86.Build.0 = Release|Win32
		{74C23D37-A579-4A51-81D7-A0C867F38836}.Debug|x64.ActiveCfg = Debug|x64
		{74C23D37-A579-4A51-81D7-A0C867F38836}.Debug|x64.Build.0 = Debug|x64
		{74C23D37-A579-4A51-81D7-A0C867F38836}.Debug|x86.ActiveCfg = Debug|Win32
		{74C23D37-A579-4A51-81D7-A0C867F38836}.Debug|x86.Build.0 = Debug|Win32
		{74C23D37-A579-4A51-81D7-A0C867F38836}.Release|x64.ActiveCfg = Release|x64
		{74C23D37-A579-4A51-81D7-A0C867F38836}.Release|x64.Build.0 = Release|x64
		{74C23D37-A579-4A51-81D7-A0C867F38836}.Release|x86.ActiveCfg = Release|Win32
		{74C23D37-A579-4A51-81D7-A0C867F38836}.Release|x86.Build.0 = Release|Win32
		{47BBAB1D-67B1-4A5E-B6EB-111D3C660ADA}.Debug|x64.ActiveCfg = Debug|x64
		{47BBAB1D-67B1-4A5E-B6EB-111D3C660ADA}.Debug|x64.Build.0 = Debug|x64
		{47BBAB1D-67B1-4A5E-B6EB-111D3C660ADA}.Debug|x86.ActiveCfg = Debug|Win32
		{47BBAB1D-67B1-4A5E-B6EB-111D3C660ADA}.Debug|x86.Build.0 = Debug|Win32
		{47BBAB1D-67B1-4A5E-B6EB-111D3C660ADA}.Release|x64.ActiveCfg = Release|x64
		{47BBAB1D-67B1-4A5E-B6EB-111D3C660ADA}.Release|x64.Build.0 = Release|x64
		{47BBAB1D-67B1-4A5E-B6EB-111D3C660ADA}.Release|x86.ActiveCfg = Release|Win32
		{47BBAB1D-67B1-4A5E-B6EB-111D3C660ADA}.Release|x86.Build.0 = Release|Win32
		{C7D369B0-EE50-4FC9-A9D5-CB0E5AA12292}.Debug|x64.ActiveCfg = Debug|x64
		{C7D369B0-EE50-4FC9-A9D5-CB0E5AA12292}.Debug|x64.Build.0 = Debug|x64
		{C7D369B0-EE50-4FC9-A9D5-CB0E5AA12292}.Debug|x86.ActiveCfg = Debug|Win32
		{C7D369B0-EE50-4FC9-A9D5-CB0E5AA12292}.Debug|x86.Build.0 = Debug|Win32
		{C7D369B0-EE50-4FC9-A9D5-CB0E5AA12292}.Release|x64.ActiveCfg = Release|x64
		{C7D369B0-EE50-4FC9-A9D5-CB0E5AA12292}.Release|x64.Build.0 = Release|x64
		{C7D369B0-EE50-4FC9-A9D5-CB0E5AA12292}.Release|x86.ActiveCfg = Release|Win32
		{C7D369B0-EE50-4FC9-A9D5-CB0E5AA12292}.Release|x86.Build.0 = Release|Win32
		{C5874112-5056-4C06-822B-628233210C62}.Debug|x64.ActiveCfg = Debug|x64
		{C5874112-5056-4C06-822B-628233210C62}.Debug|x64.Build.0 = Debug|x64
		{C5874112-5056-4C06-822B-628233210C62}.Debug|x86.ActiveCfg = Debug|Win32
		{C5874112-5056-4C06-822B-628233210C62}.Debug|x86.Build.0 = Debug|Win32
		{C5874112-5056-4C06-822B-628233210C62}.Release|x64.ActiveCfg = Release|x64
		{C5874112-5056-4C06-822B-628233210C62}.Release|x64.Build.0 = Release|x64
		{C5874112-5056-4C06-822B-628233210C62}.Release|x86.ActiveCfg = Release|Win32
		{C5874112-5056-4C06-822B-628233210C62}.Release|x86.Build.0 = Release|Win32
		{398804A5-9241-4673-B52F-E4347B96FCB6}.Debug|x64.ActiveCfg = Debug|x64
		{398804A5-9241-4673-B52F-E4347B96FCB6}.Debug|x64.Build.0 = Debug|x64
		{398804A5-9241-4673-B52F-E4347B96FCB6}.Debug|x86.ActiveCfg = Debug|Win32
		{398804A5-9241-4673-B52F-E4347B96FCB6}.Debug|x86.Build.0 = Debug|Win32
		{398804A5-9241-4673-B52F-E4347B96FCB6}.Release|x64.ActiveCfg = Release|x64
		{398804A5-9241-4673-B52F-E4347B96FCB6}.Release|x64.Build.0 = Release|x64
		{398804A5-9241-4673-B52F-E4347B96FCB6}.Release|x86.ActiveCfg = Release|Win32
		{398804A5-9241-4673-B52F-E4347B96FCB6}.Release|x86.Build.0 = Release|Win32
		{2681758B-7997-45B1-B3A9-BC45BBF8964E}.Debug|x64.ActiveCfg = Debug|x64
		{2681758B-7997-45B1-B3A9-BC45BBF8964E}.Debug|x64.Build.0 = Debug|x64
		{2681758B-7997-45B1-B3A9-BC45BBF8964E}.Debug|x86.ActiveCfg = Debug|Win32
		{2681758B-7997-45B1-B3A9-BC45BBF8964E}.Debug|x86.Build.0 = Debug|Win32
		{2681758B-7997-45B1-B3A9-BC45BBF8964E}.Release|x64.ActiveCfg = Release|x64
		{2681758B-7997-45B1-B3A9-BC45BBF8964E}.Release|x64.Build.0 = Release|x64
		{2681758B-7997-45B1-B3A9-BC45BBF8964E}.Release|x86.ActiveCfg = Release|Win32
		{2681758B-7997-45B1-B3A9-BC45BBF8964E}.Release|x86.Build.0 = Release|Win32
		{D7E1639B-04C1-4E2C-A00E-A65148E0633C}.Debug|x64.ActiveCfg = Debug|x64
		{D7E1639B-04C1-4E2C-A00E-A65148E0633C}.Debug|x64.Build.0 = Debug|x64
		{D7E1639B-04C1-4E2C-A00E-A65148E0633C}.Debug|x86.ActiveCfg = Debug|Win32
		{D7E1639B-04C1-4E2C-A00E-A65148E0633C}.Debug|x86.Build.0 = Debug|Win32
		{D7E1639B-04C1-4E2C-A00E-A65148E0633C}.Release|x64.ActiveCfg = Release|x64
		{D7E1639B-04C1-4E2C-A00E-A65148E0633C}.Release|x64.Build.0 = Release|x64
		{D7E1639B-04C1-4E2C-A00E-A65148E0633C}.Release|x86.ActiveCfg = Release|Win32
		{D7E1639B-04C1-4E2C-A00E-A65148E0633C}.Release|x86.Build.0 = Release|Win32
		{5E8FAE6E-AF71-4E82-BB4A-AF9E619CE8C7}.Debug|x64.ActiveCfg = Debug|x64
		{5E8FAE6E-AF71-4E82-BB4A-AF9E619CE8C7}.Debug|x64.Build.0 = Debug|x64
		{5E8FAE6E-AF71-4E82-BB4A-AF9E619CE8C7}.Debug|x86.ActiveCfg = Debug|Win32
		{5E8FAE6E-AF71-4E82-BB4A-AF9E619CE8C7}.Debug|x86.Build.0 = Debug|Win32
		{5E8FAE6E-AF71-4E82-BB4A-AF9E619CE8C7}.Release|x64.ActiveCfg = Release|x64
		{5E8FAE6E-AF71-4E82-BB4A-AF9E619CE8C7}.Release|x64.Build.0 = Release|x64
		{5E8FAE6E-AF71-4E82-BB4A-AF9E619CE8C7}.Release|x86.ActiveCfg = Release|Win32
		{5E8FAE6E-AF71-4E82-BB4A-AF9E619CE8C7}.Release|x86.Build.0 = Release|Win32
		{FF1C1463-6150-452F-A550-0A8147FF028A}.Debug|x64.ActiveCfg = Debug|x64
		{FF1C1463-6150-452F-A550-0A8147FF028A}.Debug|x64.Build.0 = Debug|x64
		{FF1C1463-6150-452F-A550-0A8147FF028A}.Debug|x86.ActiveCfg = Debug|Win32
		{FF1C1463-6150-452F-A550-0A8147FF028A}.Debug|x86.Build.0 = Debug|Win32
		{FF1C1463-6150-452F-A550-0A8147FF028A}.Release|x64.ActiveCfg = Release|x64
		{FF1C1463-6150-452F-A550-0A8147FF028A}.Release|x64.Build.0 = Release|x64
		{FF1C1463-6150-452F-A550-0A8147FF028A}.Release|x86.ActiveCfg = Release|Win32
		{FF1C1463-6150-452F-A550-0A8147FF028A}.Release|x86.Build.0 = Release|Win32
		{3CDAC961-BE99-45C6-BB04-0FDDA9BA86E5}.Debug|x64.ActiveCfg = Debug|x64
		{3CDAC961-BE99-45C6-BB04-0FDDA9BA86E5}.Debug|x64.Build.0 = Debug|x64
		{3CDAC961-BE99-45C6-BB04-0FDDA9BA86E5}.Debug|x86.ActiveCfg = Debug|Win32
		{3CDAC961-BE99-45C6-BB04-0FDDA9BA86E5}.Debug|x86.Build.0 = Debug|Win32
		{3CDAC961-BE99-45C6-BB04-0FDDA9BA86E5}.Release|x64.ActiveCfg = Release|x64
		{3CDAC961-BE99-45C6-BB04-0FDDA9BA86E5}.Release|x64.Build.0 = Release|x64
		{3CDAC961-BE99-45C6-BB04-0FDDA9BA86E5}.Release|x86.ActiveCfg = Release|Win32
		{3CDAC961-BE99-45C6-BB04-0FDDA9BA86E5}.Release|x86.Build.0 = Release|Win32
		{539FC6A4-36C9-42F4-A852-258F95EE9187}.Debug|x64.ActiveCfg = Debug|x64
		{539FC6A4-36C9-42F4-A852-258F95EE9187}.Debug|x64.Build.0 = Debug|x64
		{539FC6A4-36C9-42F4-A852-258F95EE9187}.Debug|x86.ActiveCfg = Debug|Win32
		{539FC6A4-36C9-42F4-A852-258F95EE9187}.Debug|x86.Build.0 = Debug|Win32
		{539FC6A4-36C9-42F4-A852-258F95EE9187}.Release|x64.ActiveCfg = Release|x64
		{539FC6A4-36C9-42F4-A852-258F95EE9187}.Release|x64.Build.0 = Release|x64
		{539FC6A4-36C9-42F4-A852-258F95EE9187}.Release|x86.ActiveCfg = Release|Win32
		{539FC6A4-36C9-42F4-A852-258F95EE9187}.Release|x86.Build.0 = Release|Win32
		{A80BD08E-08A5-4B3A-B9CF-9B5BEDF5441E}.Debug|x64.ActiveCfg = Debug|x64
		{A80BD08E-08A5-4B3A-B9CF-9B5BEDF5441E}.Debug|x64.Build.0 = Debug|x64
		{A80BD08E-08A5-4B3A-B9CF-9B5BEDF5441E}.Debug|x86.ActiveCfg = Debug|Win32
		{A80BD08E-08A5-4B3A-B9CF-9B5BEDF5441E}.Debug|x86.Build.0 = Debug|Win32
		{A80BD08E-08A5-4B3A-B9CF-9B5BEDF5441E}.Release|x64.ActiveCfg = Release|x64
		{A80BD08E-08A5-4B3A-B9CF-9B5BEDF5441E}.Release|x64.Build.0 = Release|x64
		{A80BD08E-08A5-4B3A-B9CF-9B5BEDF5441E}.Release|x86.ActiveCfg = Release|Win32
		{A80BD08E-08A5-4B3A-B9CF-9B5BEDF5441E}.Release|x86.Build.0 = Release|Win32
		{42028F0B-3FA1-443D-9F0B-63ED46D1BA35}.Debug|x64.ActiveCfg = Debug|x64
		{42028F0B-3FA1-443D-9F0B-63ED46D1BA35}.Debug|x64.Build.0 = Debug|x64
		{42028F0B-3FA1-443D-9F0B-63ED46D1BA35}.Debug|x86.ActiveCfg = Debug|Win32
		{42028F0B-3FA1-443D-9F0B-63ED46D1BA35}.Debug|x86.Build.0 = Debug|Win32
		{42028F0B-3FA1-443D-9F0B-63ED46D1BA35}.Release|x64.ActiveCfg = Release|x64
		{42028F0B-3FA1-443D-9F0B-63ED46D1BA35}.Release|x64.Build.0 = Release|x64
		{42028F0B-3FA1-443D-9F0B-63ED46D1BA35}.Release|x86.ActiveCfg = Release|Win32
		{42028F0B-3FA1-443D-9F0B-63ED46D1BA35}.Release|x86.Build.0 = Release|Win32
		{D7C0E957-783E-4809-B39B-63C3C65D1ED1}.Debug|x64.ActiveCfg = Debug|x64
		{D7C0E957-783E-4809-B39B-63C3C65D1ED1}.Debug|x64.Build.0 = Debug|x64
		{D7C0E957-783E-4809-B39B-63C3C65D1ED1}.Debug|x86.ActiveCfg = Debug|Win32
		{D7C0E957-783E-4809-B39B-63C3C65D1ED1}.Debug|x86.Build.0 = Debug|Win32
		{D7C0E957-783E-4809-B39B-63C3C65D1ED1}.Release|x64.ActiveCfg = Release|x64
		{D7C0E957-783E-4809-B39B-63C3C65D1ED1}.Release|x64.Build.0 = Release|x64
		{D7C0E957-783E-4809-B39B-63C3C65D1ED1}.Release|x86.ActiveCfg = Release|Win32
		{D7C0E957-783E-4809-B39B-63C3C65D1ED1}.Release|x86.Build.0 = Release|Win32
		{6C1AD927-BDDF-4DAE-BDA2-F15D65466EA6}.Debug|x64.ActiveCfg = Debug|x64
		{6C1AD927-BDDF-4DAE-BDA2-F15D65466EA6}.Debug|x64.Build.0 = Debug|x64
		{6C1AD927-BDDF-4DAE-BDA2-F15D65466EA6}.Debug|x86.ActiveCfg = Debug|Win32
		{6C1AD927-BDDF-4DAE-BDA2-F15D65466EA6}.Debug|x86.Build.0 = Debug|Win32
		{6C1AD927-BDDF-4DAE-BDA2-F15D65466EA6}.Release|x64.ActiveCfg = Release|x64
		{6C1AD927-BDDF-4DAE-BDA2-F15D65466EA6}.Release|x64.Build.0 = Release|x64
		{6C1AD927-BDDF-4DAE-BDA2-F15D65466EA6}.Release|x86.ActiveCfg = Release|Win32
		{6C1AD927-BDDF-4DAE-BDA2-F15D65466EA6}.Release|x86.Build.0 = Release|Win32
		{3F7CA23E-792A-4710-A0F0-605A971F24EC}.Debug|x64.ActiveCfg = Debug|x64
		{3F7CA23E-792A-4710-A0F0-605A971F24EC}.Debug|x64.Build.0 = Debug|x64
		{3F7CA23E-792A-4710-A0F0-605A971F24EC}.Debug|x86.ActiveCfg = Debug|Win32
		{3F7CA23E-792A-4710-A0F0-605A971F24EC}.Debug|x86.Build.0 = Debug|Win32
		{3F7CA23E-792A-4710-A0F0-605A971F24EC}.Release|x64.ActiveCfg = Release|x64
		{3F7CA23E-792A-4710-A0F0-605A971F24EC}.Release|x64.Build.0 = Release|x64
		{3F7CA23E-792A-4710-A0F0-605A971F24EC}.Release|x86.ActiveCfg = Release|Win32
		{3F7CA23E-792A-4710-A0F0-605A971F24EC}.Release|x86.Build.0 = Release|Win32
		{770BF2E8-5447-4548-8678-901604090A12}.Debug|x64.ActiveCfg = Debug|x64
		{770BF2E8-5447-4548-8678-901604090A12}.Debug|x64.Build.0 = Debug|x64
		{770BF2E8-5447-4548-8678-901604090A12}.Debug|x86.ActiveCfg = Debug|Win32
		{770BF2E8-5447-4548-8678-901604090A12}.Debug|x86.Build.0 = Debug|Win32
		{770BF2E8-5447-4548-8678-901604090A12}.Release|x64.ActiveCfg = Release|x64
		{770BF2E8-5447-4548-8678-901604090A12}.Release|x64.Build.0 = Release|x64
		{770BF2E8-5447-4548-8678-901604090A12}.Release|x86.ActiveCfg = Release|Win32
		{770BF2E8-5447-4548-8678-901604090A12}.Release|x86.Build.0 = Release|Win32
		{E6CB69AC-EAC5-4527-8EAB-B2CD4E6198C8}.Debug|x64.ActiveCfg = Debug|x64
		{E6CB69AC-EAC5-4527-8EAB-B2CD4E6198C8}.Debug|x64.Build.0 = Debug|x64
		{E6CB69AC-EAC5-4527-8EAB-B2CD4E6198C8}.Debug|x86.ActiveCfg = Debug|Win32
		{E6CB69AC-EAC5-4527-8EAB-B2CD4E6198C8}.Debug|x86.Build.0 = Debug|Win32
		{E6CB69AC-EAC5-4527-8EAB-B2CD4E6198C8}.Release|x64.ActiveCfg = Release|x64
		{E6CB69AC-EAC5-4527-8EAB-B2CD4E6198C8}.Release|x64.Build.0 = Release|x64
		{E6CB69AC-EAC5-4527-8EAB-B2CD4E6198C8}.Release|x86.ActiveCfg = Release|Win32
		{E6CB69AC-EAC5-4527-8EAB-B2CD4E6198C8}.Release|x86.Build.0 = Release|Win32
		{C9037436-899E-47C9-8DEF-C9B172D3FE86}.Debug|x64.ActiveCfg = Debug|x64
		{C9037436-899E-47C9-8DEF-C9B172D3FE86}.Debug|x64.Build.0 = Debug|x64
		{C9037436-899E-47C9-8DEF-C9B172D3FE86}.Debug|x86.ActiveCfg = Debug|Win32
		{C9037436-899E-47C9-8DEF-C9B172D3FE86}.Debug|x86.Build.0 = Debug|Win32
		{C9037436-899E-47C9-8DEF-C9B172D3FE86}.Release|x64.ActiveCfg = Release|x64
		{C9037436-899E-47C9-8DEF-C9B172D3FE86}.Release|x64.Build.0 = Release|x64
		{C9037436-899E-47C9-8DEF-C9B172D3FE86}.Release|x86.ActiveCfg = Release|Win32
		{C9037436-899E-47C9-8DEF-C9B172D3FE86}.Release|x86.Build.0 = Release|Win32
		{3E777BB8-AC90-4B9E-94A5-E80F5C2AB574}.Debug|x64.ActiveCfg = Debug|x64
		{3E777BB8-AC90-4B9E-94A5-E80F5C2AB574}.Debug|x64.Build.0 = Debug|x64
		{3E777BB8-AC90-4B9E-94A5-E80F5C2AB574}.Debug|x86.ActiveCfg = Debug|Win32
		{3E777BB8-AC90-4B9E-94A5-E80F5C2AB574}.Debug|x86.Build.0 = Debug|Win32
		{3E777BB8-AC90-4B9E-94A5-E80F5C2AB574}.Release|x64.ActiveCfg = Release|x64
		{3E777BB8-AC90-4B9E-94A5-E80F5C2AB574}.Release|x64.Build.0 = Release|x64
		{3E777BB8-AC90-4B9E-94A5-E80F5C2AB574}.Release|x86.ActiveCfg = Release|Win32
		{3E777BB8-AC90-4B9E-94A5-E80F5C2AB574}.Release|x86.Build.0 = Release|Win32
	EndGlobalSection
	GlobalSection(SolutionProperties) = preSolution
		HideSolutionNode = FALSE
	EndGlobalSection
	GlobalSection(ExtensibilityGlobals) = postSolution
		SolutionGuid = {8FEF0A5B-567D-4C68-8A57-01B4D3A23FB4}
	EndGlobalSection
EndGlobal
